{
  "nodes": {
    "beam-flakes": {
      "inputs": {
        "flake-parts": [
          "expert",
          "flake-parts"
        ],
        "nixpkgs": [
          "expert",
          "nixpkgs"
        ]
      },
      "locked": {
        "lastModified": 1763144771,
        "narHash": "sha256-VWF3RK2lNPX5tz14LnJM7DXkP1YwgrTuu3RqeVEymCk=",
        "owner": "elixir-tools",
        "repo": "nix-beam-flakes",
        "rev": "0927b7964669ff9301e90ec5753ac81885a4b1bf",
        "type": "github"
      },
      "original": {
        "owner": "elixir-tools",
        "repo": "nix-beam-flakes",
        "type": "github"
      }
    },
    "claude-desktop": {
      "inputs": {
        "flake-utils": "flake-utils",
        "nixpkgs": [
          "nixpkgs"
        ]
      },
      "locked": {
        "lastModified": 1764098187,
        "narHash": "sha256-H6JjWXhKqxZ8QLMoqndZx9e5x0Sv5AiipSmqvIxIbgo=",
        "owner": "k3d3",
        "repo": "claude-desktop-linux-flake",
        "rev": "b2b040cb68231d2118906507d9cc8fd181ca6308",
        "type": "github"
      },
      "original": {
        "owner": "k3d3",
        "repo": "claude-desktop-linux-flake",
        "type": "github"
      }
    },
    "crane": {
      "locked": {
        "lastModified": 1762538466,
        "narHash": "sha256-8zrIPl6J+wLm9MH5ksHcW7BUHo7jSNOu0/hA0ohOOaM=",
        "owner": "ipetkov",
        "repo": "crane",
        "rev": "0cea393fffb39575c46b7a0318386467272182fe",
        "type": "github"
      },
      "original": {
        "owner": "ipetkov",
        "repo": "crane",
        "type": "github"
      }
    },
    "expert": {
      "inputs": {
        "beam-flakes": "beam-flakes",
        "flake-parts": "flake-parts",
        "nixpkgs": [
          "nixpkgs"
        ]
      },
      "locked": {
        "lastModified": 1767876817,
        "narHash": "sha256-I2qEiDNWSD/Ur5VuEZOb0VA7XWjL20q+CI5If5hp1VA=",
        "owner": "elixir-lang",
        "repo": "expert",
        "rev": "1204313371da69029eb275235254f4d67905fa47",
        "type": "github"
      },
      "original": {
        "owner": "elixir-lang",
        "repo": "expert",
        "type": "github"
      }
    },
    "flake-parts": {
      "inputs": {
        "nixpkgs-lib": "nixpkgs-lib"
      },
      "locked": {
        "lastModified": 1762980239,
        "narHash": "sha256-8oNVE8TrD19ulHinjaqONf9QWCKK+w4url56cdStMpM=",
        "owner": "hercules-ci",
        "repo": "flake-parts",
        "rev": "52a2caecc898d0b46b2b905f058ccc5081f842da",
        "type": "github"
      },
      "original": {
        "owner": "hercules-ci",
        "repo": "flake-parts",
        "type": "github"
      }
    },
    "flake-parts_2": {
      "inputs": {
        "nixpkgs-lib": [
          "nixvim",
          "nixpkgs"
        ]
      },
      "locked": {
        "lastModified": 1765835352,
        "narHash": "sha256-XswHlK/Qtjasvhd1nOa1e8MgZ8GS//jBoTqWtrS1Giw=",
        "owner": "hercules-ci",
        "repo": "flake-parts",
        "rev": "a34fae9c08a15ad73f295041fec82323541400a9",
        "type": "github"
      },
      "original": {
        "owner": "hercules-ci",
        "repo": "flake-parts",
        "type": "github"
      }
    },
    "flake-utils": {
      "inputs": {
        "systems": "systems"
      },
      "locked": {
        "lastModified": 1731533236,
        "narHash": "sha256-l0KFg5HjrsfsO/JpG+r7fRrqm12kzFHyUHqHCVpMMbI=",
        "owner": "numtide",
        "repo": "flake-utils",
        "rev": "11707dc2f618dd54ca8739b309ec4fc024de578b",
        "type": "github"
      },
      "original": {
        "owner": "numtide",
        "repo": "flake-utils",
        "type": "github"
      }
    },
    "flake-utils_2": {
      "inputs": {
        "systems": "systems_2"
      },
      "locked": {
        "lastModified": 1731533236,
        "narHash": "sha256-l0KFg5HjrsfsO/JpG+r7fRrqm12kzFHyUHqHCVpMMbI=",
        "owner": "numtide",
        "repo": "flake-utils",
        "rev": "11707dc2f618dd54ca8739b309ec4fc024de578b",
        "type": "github"
      },
      "original": {
        "owner": "numtide",
        "repo": "flake-utils",
        "type": "github"
      }
    },
    "home-manager": {
      "inputs": {
        "nixpkgs": [
          "nixpkgs"
        ]
      },
      "locked": {
        "lastModified": 1767909183,
        "narHash": "sha256-u/bcU0xePi5bgNoRsiqSIwaGBwDilKKFTz3g0hqOBAo=",
        "owner": "nix-community",
        "repo": "home-manager",
        "rev": "cd6e96d56ed4b2a779ac73a1227e0bb1519b3509",
        "type": "github"
      },
      "original": {
        "owner": "nix-community",
        "repo": "home-manager",
        "type": "github"
      }
    },
    "home-manager_2": {
      "inputs": {
        "nixpkgs": [
          "zen-browser",
          "nixpkgs"
        ]
      },
      "locked": {
        "lastModified": 1767104570,
        "narHash": "sha256-GKgwu5//R+cLdKysZjGqvUEEOGXXLdt93sNXeb2M/Lk=",
        "owner": "nix-community",
        "repo": "home-manager",
        "rev": "e4e78a2cbeaddd07ab7238971b16468cc1d14daf",
        "type": "github"
      },
      "original": {
        "owner": "nix-community",
        "repo": "home-manager",
        "type": "github"
      }
    },
    "iio-ambient-brightness": {
      "inputs": {
        "crane": "crane",
        "flake-utils": "flake-utils_2",
        "nixpkgs": [
          "nixpkgs"
        ],
        "rust-overlay": "rust-overlay"
      },
      "locked": {
        "lastModified": 1762734843,
        "narHash": "sha256-bPdp/d8twX53s2b7xEIPkpW4Zjtd3N9ZgDCT+AhHYYU=",
        "owner": "jeffutter",
        "repo": "iio_ambient_brightness",
        "rev": "3d81c65e61e00f8c0ef27e04ba6f79fb05b27d62",
        "type": "github"
      },
      "original": {
        "owner": "jeffutter",
        "ref": "v0.2.16",
        "repo": "iio_ambient_brightness",
        "type": "github"
      }
    },
    "nix-darwin": {
      "inputs": {
        "nixpkgs": [
          "nixpkgs"
        ]
      },
      "locked": {
        "lastModified": 1767718503,
        "narHash": "sha256-V+VkFs0aSG0ca8p/N3gib7FAf4cq9jyr5Gm+ZBrHQpo=",
        "owner": "LnL7",
        "repo": "nix-darwin",
        "rev": "9f48ffaca1f44b3e590976b4da8666a9e86e6eb1",
        "type": "github"
      },
      "original": {
        "owner": "LnL7",
        "repo": "nix-darwin",
        "type": "github"
      }
    },
    "nixos-hardware": {
      "locked": {
        "lastModified": 1767185284,
        "narHash": "sha256-ljDBUDpD1Cg5n3mJI81Hz5qeZAwCGxon4kQW3Ho3+6Q=",
        "owner": "NixOS",
        "repo": "nixos-hardware",
        "rev": "40b1a28dce561bea34858287fbb23052c3ee63fe",
        "type": "github"
      },
      "original": {
        "owner": "NixOS",
        "ref": "master",
        "repo": "nixos-hardware",
        "type": "github"
      }
    },
    "nixpkgs": {
      "locked": {
        "lastModified": 1767767207,
        "narHash": "sha256-Mj3d3PfwltLmukFal5i3fFt27L6NiKXdBezC1EBuZs4=",
        "owner": "nixos",
        "repo": "nixpkgs",
        "rev": "5912c1772a44e31bf1c63c0390b90501e5026886",
        "type": "github"
      },
      "original": {
        "owner": "nixos",
        "ref": "nixos-unstable",
        "repo": "nixpkgs",
        "type": "github"
      }
    },
    "nixpkgs-lib": {
      "locked": {
        "lastModified": 1761765539,
        "narHash": "sha256-b0yj6kfvO8ApcSE+QmA6mUfu8IYG6/uU28OFn4PaC8M=",
        "owner": "nix-community",
        "repo": "nixpkgs.lib",
        "rev": "719359f4562934ae99f5443f20aa06c2ffff91fc",
        "type": "github"
      },
      "original": {
        "owner": "nix-community",
        "repo": "nixpkgs.lib",
        "type": "github"
      }
    },
    "nixvim": {
      "inputs": {
        "flake-parts": "flake-parts_2",
        "nixpkgs": [
          "nixpkgs"
        ],
        "systems": "systems_3"
      },
      "locked": {
        "lastModified": 1767906546,
        "narHash": "sha256-AoSWS8+P+7hQ/jIdv0wBjgH1MvnerdWBFXO4GV3JoQs=",
        "owner": "nix-community",
        "repo": "nixvim",
        "rev": "7eb8f36f085b85a2aeff929aff52d0f6aa14e000",
        "type": "github"
      },
      "original": {
        "owner": "nix-community",
        "repo": "nixvim",
        "type": "github"
      }
    },
    "root": {
      "inputs": {
        "claude-desktop": "claude-desktop",
        "expert": "expert",
        "home-manager": "home-manager",
        "iio-ambient-brightness": "iio-ambient-brightness",
        "nix-darwin": "nix-darwin",
        "nixos-hardware": "nixos-hardware",
        "nixpkgs": "nixpkgs",
        "nixvim": "nixvim",
        "tokyonight": "tokyonight",
        "zen-browser": "zen-browser"
      }
    },
    "rust-overlay": {
      "inputs": {
        "nixpkgs": [
          "iio-ambient-brightness",
          "nixpkgs"
        ]
      },
      "locked": {
        "lastModified": 1762655942,
        "narHash": "sha256-hOM12KcQNQALrhB9w6KJmV5hPpm3GA763HRe9o7JUiI=",
        "owner": "oxalica",
        "repo": "rust-overlay",
        "rev": "6ac961b02d4235572692241e333d0470637f5492",
        "type": "github"
      },
      "original": {
        "owner": "oxalica",
        "repo": "rust-overlay",
        "type": "github"
      }
    },
    "systems": {
      "locked": {
        "lastModified": 1681028828,
        "narHash": "sha256-Vy1rq5AaRuLzOxct8nz4T6wlgyUR7zLU309k9mBC768=",
        "owner": "nix-systems",
        "repo": "default",
        "rev": "da67096a3b9bf56a91d16901293e51ba5b49a27e",
        "type": "github"
      },
      "original": {
        "owner": "nix-systems",
        "repo": "default",
        "type": "github"
      }
    },
    "systems_2": {
      "locked": {
        "lastModified": 1681028828,
        "narHash": "sha256-Vy1rq5AaRuLzOxct8nz4T6wlgyUR7zLU309k9mBC768=",
        "owner": "nix-systems",
        "repo": "default",
        "rev": "da67096a3b9bf56a91d16901293e51ba5b49a27e",
        "type": "github"
      },
      "original": {
        "owner": "nix-systems",
        "repo": "default",
        "type": "github"
      }
    },
    "systems_3": {
      "locked": {
        "lastModified": 1681028828,
        "narHash": "sha256-Vy1rq5AaRuLzOxct8nz4T6wlgyUR7zLU309k9mBC768=",
        "owner": "nix-systems",
        "repo": "default",
        "rev": "da67096a3b9bf56a91d16901293e51ba5b49a27e",
        "type": "github"
      },
      "original": {
        "owner": "nix-systems",
        "repo": "default",
        "type": "github"
      }
    },
    "tokyonight": {
      "flake": false,
      "locked": {
        "lastModified": 1762332530,
        "narHash": "sha256-4zfkv3egdWJ/GCWUehV0MAIXxsrGT82Wd1Qqj1SCGOk=",
        "owner": "folke",
        "repo": "tokyonight.nvim",
        "rev": "5da1b76e64daf4c5d410f06bcb6b9cb640da7dfd",
        "type": "github"
      },
      "original": {
        "owner": "folke",
        "repo": "tokyonight.nvim",
        "type": "github"
      }
    },
    "zen-browser": {
      "inputs": {
        "home-manager": "home-manager_2",
        "nixpkgs": [
          "nixpkgs"
        ]
      },
      "locked": {
        "lastModified": 1767763594,
        "narHash": "sha256-5ysv8EuVAgDoYmNuXEUNf7vBzdeRaFxeIlIndv5HMvs=",
        "owner": "0xc000022070",
        "repo": "zen-browser-flake",
        "rev": "8b2302d8c10369c9135552cc892da75cff5ddb03",
        "type": "github"
      },
      "original": {
        "owner": "0xc000022070",
        "repo": "zen-browser-flake",
        "type": "github"
      }
    }
  },
  "root": "root",
  "version": 7
}
