{
  "nodes": {
    "base16": {
      "inputs": {
        "fromYaml": "fromYaml"
      },
      "locked": {
        "lastModified": 1755819240,
        "narHash": "sha256-qcMhnL7aGAuFuutH4rq9fvAhCpJWVHLcHVZLtPctPlo=",
        "owner": "SenchoPens",
        "repo": "base16.nix",
        "rev": "75ed5e5e3fce37df22e49125181fa37899c3ccd6",
        "type": "github"
      },
      "original": {
        "owner": "SenchoPens",
        "repo": "base16.nix",
        "type": "github"
      }
    },
    "base16-fish": {
      "flake": false,
      "locked": {
        "lastModified": 1765809053,
        "narHash": "sha256-XCUQLoLfBJ8saWms2HCIj4NEN+xNsWBlU1NrEPcQG4s=",
        "owner": "tomyun",
        "repo": "base16-fish",
        "rev": "86cbea4dca62e08fb7fd83a70e96472f92574782",
        "type": "github"
      },
      "original": {
        "owner": "tomyun",
        "repo": "base16-fish",
        "rev": "86cbea4dca62e08fb7fd83a70e96472f92574782",
        "type": "github"
      }
    },
    "base16-helix": {
      "flake": false,
      "locked": {
        "lastModified": 1760703920,
        "narHash": "sha256-m82fGUYns4uHd+ZTdoLX2vlHikzwzdu2s2rYM2bNwzw=",
        "owner": "tinted-theming",
        "repo": "base16-helix",
        "rev": "d646af9b7d14bff08824538164af99d0c521b185",
        "type": "github"
      },
      "original": {
        "owner": "tinted-theming",
        "repo": "base16-helix",
        "type": "github"
      }
    },
    "base16-vim": {
      "flake": false,
      "locked": {
        "lastModified": 1732806396,
        "narHash": "sha256-e0bpPySdJf0F68Ndanwm+KWHgQiZ0s7liLhvJSWDNsA=",
        "owner": "tinted-theming",
        "repo": "base16-vim",
        "rev": "577fe8125d74ff456cf942c733a85d769afe58b7",
        "type": "github"
      },
      "original": {
        "owner": "tinted-theming",
        "repo": "base16-vim",
        "rev": "577fe8125d74ff456cf942c733a85d769afe58b7",
        "type": "github"
      }
    },
    "beam-flakes": {
      "inputs": {
        "flake-parts": [
          "expert",
          "flake-parts"
        ],
        "nixpkgs": [
          "expert",
          "nixpkgs"
        ]
      },
      "locked": {
        "lastModified": 1763144771,
        "narHash": "sha256-VWF3RK2lNPX5tz14LnJM7DXkP1YwgrTuu3RqeVEymCk=",
        "owner": "elixir-tools",
        "repo": "nix-beam-flakes",
        "rev": "0927b7964669ff9301e90ec5753ac81885a4b1bf",
        "type": "github"
      },
      "original": {
        "owner": "elixir-tools",
        "repo": "nix-beam-flakes",
        "type": "github"
      }
    },
    "claude-desktop": {
      "inputs": {
        "flake-utils": "flake-utils",
        "nixpkgs": [
          "nixpkgs"
        ]
      },
      "locked": {
        "lastModified": 1764098187,
        "narHash": "sha256-H6JjWXhKqxZ8QLMoqndZx9e5x0Sv5AiipSmqvIxIbgo=",
        "owner": "k3d3",
        "repo": "claude-desktop-linux-flake",
        "rev": "b2b040cb68231d2118906507d9cc8fd181ca6308",
        "type": "github"
      },
      "original": {
        "owner": "k3d3",
        "repo": "claude-desktop-linux-flake",
        "type": "github"
      }
    },
    "claude-plugins-official": {
      "flake": false,
      "locked": {
        "lastModified": 1769730263,
        "narHash": "sha256-hx8LNT3mnJs2RiwYMwC+T4CFXVOWQrZS7PLzgJO+rlY=",
        "owner": "anthropics",
        "repo": "claude-plugins-official",
        "rev": "27d2b86d72da27c64585150857cee8472ad47abb",
        "type": "github"
      },
      "original": {
        "owner": "anthropics",
        "repo": "claude-plugins-official",
        "type": "github"
      }
    },
    "crane": {
      "locked": {
        "lastModified": 1762538466,
        "narHash": "sha256-8zrIPl6J+wLm9MH5ksHcW7BUHo7jSNOu0/hA0ohOOaM=",
        "owner": "ipetkov",
        "repo": "crane",
        "rev": "0cea393fffb39575c46b7a0318386467272182fe",
        "type": "github"
      },
      "original": {
        "owner": "ipetkov",
        "repo": "crane",
        "type": "github"
      }
    },
    "expert": {
      "inputs": {
        "beam-flakes": "beam-flakes",
        "flake-parts": "flake-parts",
        "nixpkgs": [
          "nixpkgs"
        ]
      },
      "locked": {
        "lastModified": 1770075220,
        "narHash": "sha256-mtWL1AUmX6Ss6OhzLFNpKBLFkXZl8JtP1W19uuOQxwM=",
        "owner": "elixir-lang",
        "repo": "expert",
        "rev": "9a9140ed921c28a14663923be7a2331e00764f71",
        "type": "github"
      },
      "original": {
        "owner": "elixir-lang",
        "repo": "expert",
        "type": "github"
      }
    },
    "fabric": {
      "inputs": {
        "gomod2nix": "gomod2nix",
        "nixpkgs": [
          "nixpkgs"
        ],
        "systems": "systems_3",
        "treefmt-nix": "treefmt-nix"
      },
      "locked": {
        "lastModified": 1769894681,
        "narHash": "sha256-8TMl0/QhEhViOE+0Xn8ANN7F4S4MyCYAKGtdeIAJpec=",
        "owner": "danielmiessler",
        "repo": "Fabric",
        "rev": "9ab45a25c06ae6f22aa9d0af0852c4edc9bf85e1",
        "type": "github"
      },
      "original": {
        "owner": "danielmiessler",
        "repo": "Fabric",
        "type": "github"
      }
    },
    "firefox-gnome-theme": {
      "flake": false,
      "locked": {
        "lastModified": 1764873433,
        "narHash": "sha256-1XPewtGMi+9wN9Ispoluxunw/RwozuTRVuuQOmxzt+A=",
        "owner": "rafaelmardojai",
        "repo": "firefox-gnome-theme",
        "rev": "f7ffd917ac0d253dbd6a3bf3da06888f57c69f92",
        "type": "github"
      },
      "original": {
        "owner": "rafaelmardojai",
        "repo": "firefox-gnome-theme",
        "type": "github"
      }
    },
    "fish-plugin-autopair": {
      "flake": false,
      "locked": {
        "lastModified": 1656949473,
        "narHash": "sha256-s1o188TlwpUQEN3X5MxUlD/2CFCpEkWu83U9O+wg3VU=",
        "owner": "jorgebucaran",
        "repo": "autopair.fish",
        "rev": "244bb1ebf74bf944a1ba1338fc1026075003c5e3",
        "type": "github"
      },
      "original": {
        "owner": "jorgebucaran",
        "ref": "1.0.4",
        "repo": "autopair.fish",
        "type": "github"
      }
    },
    "fish-plugin-fenv": {
      "flake": false,
      "locked": {
        "lastModified": 1649621402,
        "narHash": "sha256-3h03WQrBZmTXZLkQh1oVyhv6zlyYsSDS7HTHr+7WjY8=",
        "owner": "oh-my-fish",
        "repo": "plugin-foreign-env",
        "rev": "b3dd471bcc885b597c3922e4de836e06415e52dd",
        "type": "github"
      },
      "original": {
        "owner": "oh-my-fish",
        "repo": "plugin-foreign-env",
        "rev": "b3dd471bcc885b597c3922e4de836e06415e52dd",
        "type": "github"
      }
    },
    "flake-parts": {
      "inputs": {
        "nixpkgs-lib": "nixpkgs-lib"
      },
      "locked": {
        "lastModified": 1762980239,
        "narHash": "sha256-8oNVE8TrD19ulHinjaqONf9QWCKK+w4url56cdStMpM=",
        "owner": "hercules-ci",
        "repo": "flake-parts",
        "rev": "52a2caecc898d0b46b2b905f058ccc5081f842da",
        "type": "github"
      },
      "original": {
        "owner": "hercules-ci",
        "repo": "flake-parts",
        "type": "github"
      }
    },
    "flake-parts_2": {
      "inputs": {
        "nixpkgs-lib": [
          "nixvim",
          "nixpkgs"
        ]
      },
      "locked": {
        "lastModified": 1768135262,
        "narHash": "sha256-PVvu7OqHBGWN16zSi6tEmPwwHQ4rLPU9Plvs8/1TUBY=",
        "owner": "hercules-ci",
        "repo": "flake-parts",
        "rev": "80daad04eddbbf5a4d883996a73f3f542fa437ac",
        "type": "github"
      },
      "original": {
        "owner": "hercules-ci",
        "repo": "flake-parts",
        "type": "github"
      }
    },
    "flake-parts_3": {
      "inputs": {
        "nixpkgs-lib": [
          "stylix",
          "nixpkgs"
        ]
      },
      "locked": {
        "lastModified": 1767609335,
        "narHash": "sha256-feveD98mQpptwrAEggBQKJTYbvwwglSbOv53uCfH9PY=",
        "owner": "hercules-ci",
        "repo": "flake-parts",
        "rev": "250481aafeb741edfe23d29195671c19b36b6dca",
        "type": "github"
      },
      "original": {
        "owner": "hercules-ci",
        "repo": "flake-parts",
        "type": "github"
      }
    },
    "flake-utils": {
      "inputs": {
        "systems": "systems"
      },
      "locked": {
        "lastModified": 1731533236,
        "narHash": "sha256-l0KFg5HjrsfsO/JpG+r7fRrqm12kzFHyUHqHCVpMMbI=",
        "owner": "numtide",
        "repo": "flake-utils",
        "rev": "11707dc2f618dd54ca8739b309ec4fc024de578b",
        "type": "github"
      },
      "original": {
        "owner": "numtide",
        "repo": "flake-utils",
        "type": "github"
      }
    },
    "flake-utils_2": {
      "inputs": {
        "systems": "systems_2"
      },
      "locked": {
        "lastModified": 1731533236,
        "narHash": "sha256-l0KFg5HjrsfsO/JpG+r7fRrqm12kzFHyUHqHCVpMMbI=",
        "owner": "numtide",
        "repo": "flake-utils",
        "rev": "11707dc2f618dd54ca8739b309ec4fc024de578b",
        "type": "github"
      },
      "original": {
        "owner": "numtide",
        "repo": "flake-utils",
        "type": "github"
      }
    },
    "flake-utils_3": {
      "inputs": {
        "systems": "systems_4"
      },
      "locked": {
        "lastModified": 1731533236,
        "narHash": "sha256-l0KFg5HjrsfsO/JpG+r7fRrqm12kzFHyUHqHCVpMMbI=",
        "owner": "numtide",
        "repo": "flake-utils",
        "rev": "11707dc2f618dd54ca8739b309ec4fc024de578b",
        "type": "github"
      },
      "original": {
        "owner": "numtide",
        "repo": "flake-utils",
        "type": "github"
      }
    },
    "flake-utils_4": {
      "inputs": {
        "systems": "systems_5"
      },
      "locked": {
        "lastModified": 1731533236,
        "narHash": "sha256-l0KFg5HjrsfsO/JpG+r7fRrqm12kzFHyUHqHCVpMMbI=",
        "owner": "numtide",
        "repo": "flake-utils",
        "rev": "11707dc2f618dd54ca8739b309ec4fc024de578b",
        "type": "github"
      },
      "original": {
        "owner": "numtide",
        "repo": "flake-utils",
        "type": "github"
      }
    },
    "fromYaml": {
      "flake": false,
      "locked": {
        "lastModified": 1731966426,
        "narHash": "sha256-lq95WydhbUTWig/JpqiB7oViTcHFP8Lv41IGtayokA8=",
        "owner": "SenchoPens",
        "repo": "fromYaml",
        "rev": "106af9e2f715e2d828df706c386a685698f3223b",
        "type": "github"
      },
      "original": {
        "owner": "SenchoPens",
        "repo": "fromYaml",
        "type": "github"
      }
    },
    "gitignore": {
      "flake": false,
      "locked": {
        "lastModified": 1762808025,
        "narHash": "sha256-XmjITeZNMTQXGhhww6ed/Wacy2KzD6svioyCX7pkUu4=",
        "owner": "hercules-ci",
        "repo": "gitignore.nix",
        "rev": "cb5e3fdca1de58ccbc3ef53de65bd372b48f567c",
        "type": "github"
      },
      "original": {
        "owner": "hercules-ci",
        "repo": "gitignore.nix",
        "type": "github"
      }
    },
    "gnome-shell": {
      "flake": false,
      "locked": {
        "host": "gitlab.gnome.org",
        "lastModified": 1767737596,
        "narHash": "sha256-eFujfIUQDgWnSJBablOuG+32hCai192yRdrNHTv0a+s=",
        "owner": "GNOME",
        "repo": "gnome-shell",
        "rev": "ef02db02bf0ff342734d525b5767814770d85b49",
        "type": "gitlab"
      },
      "original": {
        "host": "gitlab.gnome.org",
        "owner": "GNOME",
        "ref": "gnome-49",
        "repo": "gnome-shell",
        "type": "gitlab"
      }
    },
    "gomod2nix": {
      "inputs": {
        "flake-utils": "flake-utils_2",
        "nixpkgs": [
          "fabric",
          "nixpkgs"
        ]
      },
      "locked": {
        "lastModified": 1763982521,
        "narHash": "sha256-ur4QIAHwgFc0vXiaxn5No/FuZicxBr2p0gmT54xZkUQ=",
        "owner": "nix-community",
        "repo": "gomod2nix",
        "rev": "02e63a239d6eabd595db56852535992c898eba72",
        "type": "github"
      },
      "original": {
        "owner": "nix-community",
        "repo": "gomod2nix",
        "type": "github"
      }
    },
    "home-manager": {
      "inputs": {
        "nixpkgs": [
          "nixpkgs"
        ]
      },
      "locked": {
        "lastModified": 1769978395,
        "narHash": "sha256-gj1yP3spUb1vGtaF5qPhshd2j0cg4xf51pklDsIm19Q=",
        "owner": "nix-community",
        "repo": "home-manager",
        "rev": "984708c34d3495a518e6ab6b8633469bbca2f77a",
        "type": "github"
      },
      "original": {
        "owner": "nix-community",
        "repo": "home-manager",
        "type": "github"
      }
    },
    "home-manager_2": {
      "inputs": {
        "nixpkgs": [
          "zen-browser",
          "nixpkgs"
        ]
      },
      "locked": {
        "lastModified": 1769872935,
        "narHash": "sha256-07HMIGQ/WJeAQJooA7Kkg1SDKxhAiV6eodvOwTX6WKI=",
        "owner": "nix-community",
        "repo": "home-manager",
        "rev": "f4ad5068ee8e89e4a7c2e963e10dd35cd77b37b7",
        "type": "github"
      },
      "original": {
        "owner": "nix-community",
        "repo": "home-manager",
        "type": "github"
      }
    },
    "iio-ambient-brightness": {
      "inputs": {
        "crane": "crane",
        "flake-utils": "flake-utils_3",
        "nixpkgs": [
          "nixpkgs"
        ],
        "rust-overlay": "rust-overlay"
      },
      "locked": {
        "lastModified": 1762734843,
        "narHash": "sha256-bPdp/d8twX53s2b7xEIPkpW4Zjtd3N9ZgDCT+AhHYYU=",
        "owner": "jeffutter",
        "repo": "iio_ambient_brightness",
        "rev": "3d81c65e61e00f8c0ef27e04ba6f79fb05b27d62",
        "type": "github"
      },
      "original": {
        "owner": "jeffutter",
        "ref": "v0.2.16",
        "repo": "iio_ambient_brightness",
        "type": "github"
      }
    },
    "nix-darwin": {
      "inputs": {
        "nixpkgs": [
          "nixpkgs"
        ]
      },
      "locked": {
        "lastModified": 1768764703,
        "narHash": "sha256-5ulSDyOG1U+1sJhkJHYsUOWEsmtLl97O0NTVMvgIVyc=",
        "owner": "LnL7",
        "repo": "nix-darwin",
        "rev": "0fc4e7ac670a0ed874abacf73c4b072a6a58064b",
        "type": "github"
      },
      "original": {
        "owner": "LnL7",
        "repo": "nix-darwin",
        "type": "github"
      }
    },
    "nix-options-search": {
      "inputs": {
        "flake-utils": "flake-utils_4",
        "gitignore": "gitignore",
        "nixpkgs": [
          "nixpkgs"
        ]
      },
      "locked": {
        "lastModified": 1768731915,
        "narHash": "sha256-5lMgfTfLpsqMMlbRbaQ0jZMsh764IocBsM3cbR0QvPU=",
        "owner": "madsbv",
        "repo": "nix-options-search",
        "rev": "f8f48b94dd931eff54e17d2185ef310c02bfa0bb",
        "type": "github"
      },
      "original": {
        "owner": "madsbv",
        "repo": "nix-options-search",
        "type": "github"
      }
    },
    "nixos-hardware": {
      "locked": {
        "lastModified": 1769302137,
        "narHash": "sha256-QEDtctEkOsbx8nlFh4yqPEOtr4tif6KTqWwJ37IM2ds=",
        "owner": "NixOS",
        "repo": "nixos-hardware",
        "rev": "a351494b0e35fd7c0b7a1aae82f0afddf4907aa8",
        "type": "github"
      },
      "original": {
        "owner": "NixOS",
        "ref": "master",
        "repo": "nixos-hardware",
        "type": "github"
      }
    },
    "nixpkgs": {
      "locked": {
        "lastModified": 1770019141,
        "narHash": "sha256-VKS4ZLNx4PNrABoB0L8KUpc1fE7CLpQXQs985tGfaCU=",
        "owner": "nixos",
        "repo": "nixpkgs",
        "rev": "cb369ef2efd432b3cdf8622b0ffc0a97a02f3137",
        "type": "github"
      },
      "original": {
        "owner": "nixos",
        "ref": "nixos-unstable",
        "repo": "nixpkgs",
        "type": "github"
      }
    },
    "nixpkgs-lib": {
      "locked": {
        "lastModified": 1761765539,
        "narHash": "sha256-b0yj6kfvO8ApcSE+QmA6mUfu8IYG6/uU28OFn4PaC8M=",
        "owner": "nix-community",
        "repo": "nixpkgs.lib",
        "rev": "719359f4562934ae99f5443f20aa06c2ffff91fc",
        "type": "github"
      },
      "original": {
        "owner": "nix-community",
        "repo": "nixpkgs.lib",
        "type": "github"
      }
    },
    "nixvim": {
      "inputs": {
        "flake-parts": "flake-parts_2",
        "nixpkgs": [
          "nixpkgs"
        ],
        "systems": "systems_6"
      },
      "locked": {
        "lastModified": 1770025103,
        "narHash": "sha256-Qlb19PP0n6s+v1MywVjROV5XwsCvA58XXiXHk0Govb4=",
        "owner": "nix-community",
        "repo": "nixvim",
        "rev": "31c3b3687dc85e3fbbf5c44728a5ee231608f8a9",
        "type": "github"
      },
      "original": {
        "owner": "nix-community",
        "repo": "nixvim",
        "type": "github"
      }
    },
    "nur": {
      "inputs": {
        "flake-parts": [
          "stylix",
          "flake-parts"
        ],
        "nixpkgs": [
          "stylix",
          "nixpkgs"
        ]
      },
      "locked": {
        "lastModified": 1767810917,
        "narHash": "sha256-ZKqhk772+v/bujjhla9VABwcvz+hB2IaRyeLT6CFnT0=",
        "owner": "nix-community",
        "repo": "NUR",
        "rev": "dead29c804adc928d3a69dfe7f9f12d0eec1f1a4",
        "type": "github"
      },
      "original": {
        "owner": "nix-community",
        "repo": "NUR",
        "type": "github"
      }
    },
    "opencode-src": {
      "flake": false,
      "locked": {
        "lastModified": 1769867302,
        "narHash": "sha256-zKkeJSsxEuhucQkWBHxLR7tCTu86q2p6neRST2g/1hA=",
        "owner": "anomalyco",
        "repo": "opencode",
        "rev": "597ae57bb16ea8b4314f718bc3250c8b9433d7dc",
        "type": "github"
      },
      "original": {
        "owner": "anomalyco",
        "ref": "v1.1.48",
        "repo": "opencode",
        "type": "github"
      }
    },
    "root": {
      "inputs": {
        "claude-desktop": "claude-desktop",
        "claude-plugins-official": "claude-plugins-official",
        "expert": "expert",
        "fabric": "fabric",
        "fish-plugin-autopair": "fish-plugin-autopair",
        "fish-plugin-fenv": "fish-plugin-fenv",
        "home-manager": "home-manager",
        "iio-ambient-brightness": "iio-ambient-brightness",
        "nix-darwin": "nix-darwin",
        "nix-options-search": "nix-options-search",
        "nixos-hardware": "nixos-hardware",
        "nixpkgs": "nixpkgs",
        "nixvim": "nixvim",
        "opencode-src": "opencode-src",
        "stop-slop": "stop-slop",
        "stylix": "stylix",
        "the-elements-of-style": "the-elements-of-style",
        "ticket": "ticket",
        "tinted-theming-schemes": "tinted-theming-schemes",
        "vale-alex": "vale-alex",
        "vale-proselint": "vale-proselint",
        "vale-write-good": "vale-write-good",
        "zen-browser": "zen-browser"
      }
    },
    "rust-overlay": {
      "inputs": {
        "nixpkgs": [
          "iio-ambient-brightness",
          "nixpkgs"
        ]
      },
      "locked": {
        "lastModified": 1762655942,
        "narHash": "sha256-hOM12KcQNQALrhB9w6KJmV5hPpm3GA763HRe9o7JUiI=",
        "owner": "oxalica",
        "repo": "rust-overlay",
        "rev": "6ac961b02d4235572692241e333d0470637f5492",
        "type": "github"
      },
      "original": {
        "owner": "oxalica",
        "repo": "rust-overlay",
        "type": "github"
      }
    },
    "stop-slop": {
      "flake": false,
      "locked": {
        "lastModified": 1768330244,
        "narHash": "sha256-NcwN37kSKOO+4QIhIEVafFtg15KCufmxTJiX3AGQRh0=",
        "owner": "hardikpandya",
        "repo": "stop-slop",
        "rev": "65d52b35d7243427ac646e83eae5a9b0709aa191",
        "type": "github"
      },
      "original": {
        "owner": "hardikpandya",
        "repo": "stop-slop",
        "type": "github"
      }
    },
    "stylix": {
      "inputs": {
        "base16": "base16",
        "base16-fish": "base16-fish",
        "base16-helix": "base16-helix",
        "base16-vim": "base16-vim",
        "firefox-gnome-theme": "firefox-gnome-theme",
        "flake-parts": "flake-parts_3",
        "gnome-shell": "gnome-shell",
        "nixpkgs": [
          "nixpkgs"
        ],
        "nur": "nur",
        "systems": "systems_7",
        "tinted-foot": "tinted-foot",
        "tinted-kitty": "tinted-kitty",
        "tinted-schemes": "tinted-schemes",
        "tinted-tmux": "tinted-tmux",
        "tinted-zed": "tinted-zed"
      },
      "locked": {
        "lastModified": 1769978605,
        "narHash": "sha256-Vjniae6HHJCb9xZLeUOP15aRQXSZuKeeaZFM+gRDCgo=",
        "owner": "nix-community",
        "repo": "stylix",
        "rev": "ce22070ec5ce6169a6841da31baea33ce930ed38",
        "type": "github"
      },
      "original": {
        "owner": "nix-community",
        "repo": "stylix",
        "type": "github"
      }
    },
    "systems": {
      "locked": {
        "lastModified": 1681028828,
        "narHash": "sha256-Vy1rq5AaRuLzOxct8nz4T6wlgyUR7zLU309k9mBC768=",
        "owner": "nix-systems",
        "repo": "default",
        "rev": "da67096a3b9bf56a91d16901293e51ba5b49a27e",
        "type": "github"
      },
      "original": {
        "owner": "nix-systems",
        "repo": "default",
        "type": "github"
      }
    },
    "systems_2": {
      "locked": {
        "lastModified": 1681028828,
        "narHash": "sha256-Vy1rq5AaRuLzOxct8nz4T6wlgyUR7zLU309k9mBC768=",
        "owner": "nix-systems",
        "repo": "default",
        "rev": "da67096a3b9bf56a91d16901293e51ba5b49a27e",
        "type": "github"
      },
      "original": {
        "owner": "nix-systems",
        "repo": "default",
        "type": "github"
      }
    },
    "systems_3": {
      "locked": {
        "lastModified": 1681028828,
        "narHash": "sha256-Vy1rq5AaRuLzOxct8nz4T6wlgyUR7zLU309k9mBC768=",
        "owner": "nix-systems",
        "repo": "default",
        "rev": "da67096a3b9bf56a91d16901293e51ba5b49a27e",
        "type": "github"
      },
      "original": {
        "owner": "nix-systems",
        "repo": "default",
        "type": "github"
      }
    },
    "systems_4": {
      "locked": {
        "lastModified": 1681028828,
        "narHash": "sha256-Vy1rq5AaRuLzOxct8nz4T6wlgyUR7zLU309k9mBC768=",
        "owner": "nix-systems",
        "repo": "default",
        "rev": "da67096a3b9bf56a91d16901293e51ba5b49a27e",
        "type": "github"
      },
      "original": {
        "owner": "nix-systems",
        "repo": "default",
        "type": "github"
      }
    },
    "systems_5": {
      "locked": {
        "lastModified": 1681028828,
        "narHash": "sha256-Vy1rq5AaRuLzOxct8nz4T6wlgyUR7zLU309k9mBC768=",
        "owner": "nix-systems",
        "repo": "default",
        "rev": "da67096a3b9bf56a91d16901293e51ba5b49a27e",
        "type": "github"
      },
      "original": {
        "owner": "nix-systems",
        "repo": "default",
        "type": "github"
      }
    },
    "systems_6": {
      "locked": {
        "lastModified": 1681028828,
        "narHash": "sha256-Vy1rq5AaRuLzOxct8nz4T6wlgyUR7zLU309k9mBC768=",
        "owner": "nix-systems",
        "repo": "default",
        "rev": "da67096a3b9bf56a91d16901293e51ba5b49a27e",
        "type": "github"
      },
      "original": {
        "owner": "nix-systems",
        "repo": "default",
        "type": "github"
      }
    },
    "systems_7": {
      "locked": {
        "lastModified": 1681028828,
        "narHash": "sha256-Vy1rq5AaRuLzOxct8nz4T6wlgyUR7zLU309k9mBC768=",
        "owner": "nix-systems",
        "repo": "default",
        "rev": "da67096a3b9bf56a91d16901293e51ba5b49a27e",
        "type": "github"
      },
      "original": {
        "owner": "nix-systems",
        "repo": "default",
        "type": "github"
      }
    },
    "the-elements-of-style": {
      "flake": false,
      "locked": {
        "lastModified": 1760759248,
        "narHash": "sha256-W9arG7zDUd2+1Z+o0QLBoCWMRr/TQJFmSQnfdEiJd5k=",
        "owner": "obra",
        "repo": "the-elements-of-style",
        "rev": "6099c505c2a8eb066f3777f83a97d9d828f7954c",
        "type": "github"
      },
      "original": {
        "owner": "obra",
        "repo": "the-elements-of-style",
        "type": "github"
      }
    },
    "ticket": {
      "flake": false,
      "locked": {
        "lastModified": 1770093342,
        "narHash": "sha256-ic2tPwlLyOjdywWr/8piVESUcQqtH2uVGqP09u/f2sg=",
        "owner": "jeffutter",
        "repo": "ticket",
        "rev": "efc175f86c9effb4a37b85c6d6b86cdaf8a67623",
        "type": "github"
      },
      "original": {
        "owner": "jeffutter",
        "repo": "ticket",
        "type": "github"
      }
    },
    "tinted-foot": {
      "flake": false,
      "locked": {
        "lastModified": 1726913040,
        "narHash": "sha256-+eDZPkw7efMNUf3/Pv0EmsidqdwNJ1TaOum6k7lngDQ=",
        "owner": "tinted-theming",
        "repo": "tinted-foot",
        "rev": "fd1b924b6c45c3e4465e8a849e67ea82933fcbe4",
        "type": "github"
      },
      "original": {
        "owner": "tinted-theming",
        "repo": "tinted-foot",
        "rev": "fd1b924b6c45c3e4465e8a849e67ea82933fcbe4",
        "type": "github"
      }
    },
    "tinted-kitty": {
      "flake": false,
      "locked": {
        "lastModified": 1735730497,
        "narHash": "sha256-4KtB+FiUzIeK/4aHCKce3V9HwRvYaxX+F1edUrfgzb8=",
        "owner": "tinted-theming",
        "repo": "tinted-kitty",
        "rev": "de6f888497f2c6b2279361bfc790f164bfd0f3fa",
        "type": "github"
      },
      "original": {
        "owner": "tinted-theming",
        "repo": "tinted-kitty",
        "type": "github"
      }
    },
    "tinted-schemes": {
      "flake": false,
      "locked": {
        "lastModified": 1767710407,
        "narHash": "sha256-+W1EB79Jl0/gm4JqmO0Nuc5C7hRdp4vfsV/VdzI+des=",
        "owner": "tinted-theming",
        "repo": "schemes",
        "rev": "2800e2b8ac90f678d7e4acebe4fa253f602e05b2",
        "type": "github"
      },
      "original": {
        "owner": "tinted-theming",
        "repo": "schemes",
        "type": "github"
      }
    },
    "tinted-theming-schemes": {
      "flake": false,
      "locked": {
        "lastModified": 1768516483,
        "narHash": "sha256-AWTIYZ1tZab0YwAQwgt5yO4ucqZoc4iXX002Byy7pRY=",
        "owner": "tinted-theming",
        "repo": "schemes",
        "rev": "43dd14f6466a782bd57419fdfb5f398c74d6ac53",
        "type": "github"
      },
      "original": {
        "owner": "tinted-theming",
        "repo": "schemes",
        "type": "github"
      }
    },
    "tinted-tmux": {
      "flake": false,
      "locked": {
        "lastModified": 1767489635,
        "narHash": "sha256-e6nnFnWXKBCJjCv4QG4bbcouJ6y3yeT70V9MofL32lU=",
        "owner": "tinted-theming",
        "repo": "tinted-tmux",
        "rev": "3c32729ccae99be44fe8a125d20be06f8d7d8184",
        "type": "github"
      },
      "original": {
        "owner": "tinted-theming",
        "repo": "tinted-tmux",
        "type": "github"
      }
    },
    "tinted-zed": {
      "flake": false,
      "locked": {
        "lastModified": 1767488740,
        "narHash": "sha256-wVOj0qyil8m+ouSsVZcNjl5ZR+1GdOOAooAatQXHbuU=",
        "owner": "tinted-theming",
        "repo": "base16-zed",
        "rev": "11abb0b282ad3786a2aae088d3a01c60916f2e40",
        "type": "github"
      },
      "original": {
        "owner": "tinted-theming",
        "repo": "base16-zed",
        "type": "github"
      }
    },
    "treefmt-nix": {
      "inputs": {
        "nixpkgs": [
          "fabric",
          "nixpkgs"
        ]
      },
      "locked": {
        "lastModified": 1762938485,
        "narHash": "sha256-AlEObg0syDl+Spi4LsZIBrjw+snSVU4T8MOeuZJUJjM=",
        "owner": "numtide",
        "repo": "treefmt-nix",
        "rev": "5b4ee75aeefd1e2d5a1cc43cf6ba65eba75e83e4",
        "type": "github"
      },
      "original": {
        "owner": "numtide",
        "repo": "treefmt-nix",
        "type": "github"
      }
    },
    "vale-alex": {
      "flake": false,
      "locked": {
        "lastModified": 1730374122,
        "narHash": "sha256-p0CQg6ZLusSKr57SugwlnoDEoPNVY3UIM8rHHxOL2l0=",
        "owner": "errata-ai",
        "repo": "alex",
        "rev": "907c9927473d1d66e7ddec9abd72d86e3d8103c5",
        "type": "github"
      },
      "original": {
        "owner": "errata-ai",
        "ref": "v0.2.3",
        "repo": "alex",
        "type": "github"
      }
    },
    "vale-proselint": {
      "flake": false,
      "locked": {
        "lastModified": 1717897170,
        "narHash": "sha256-ryKJDX1JrvDWVKLC5qQGctweDf74yuwEXxl/IqumM4s=",
        "owner": "errata-ai",
        "repo": "proselint",
        "rev": "f27b5e776bdeeb96adfc53eacfde425bb05e8c7e",
        "type": "github"
      },
      "original": {
        "owner": "errata-ai",
        "ref": "v0.3.4",
        "repo": "proselint",
        "type": "github"
      }
    },
    "vale-write-good": {
      "flake": false,
      "locked": {
        "lastModified": 1717968676,
        "narHash": "sha256-W/eHlXklAVlAnY8nLPi/SIKsg8UUnH8UkH99BDo5yKk=",
        "owner": "errata-ai",
        "repo": "write-good",
        "rev": "90c06e68dc5b6dddbc06c5961d94ba56a96b60d4",
        "type": "github"
      },
      "original": {
        "owner": "errata-ai",
        "ref": "v0.4.1",
        "repo": "write-good",
        "type": "github"
      }
    },
    "zen-browser": {
      "inputs": {
        "home-manager": "home-manager_2",
        "nixpkgs": [
          "nixpkgs"
        ]
      },
      "locked": {
        "lastModified": 1770097899,
        "narHash": "sha256-FKRpvwWR96VDW4bdsxIrZgIAXvdXqsCTaV1HghCJBoQ=",
        "owner": "0xc000022070",
        "repo": "zen-browser-flake",
        "rev": "615a27db86f3fddd0f096b5e9ea832795a4608d1",
        "type": "github"
      },
      "original": {
        "owner": "0xc000022070",
        "repo": "zen-browser-flake",
        "type": "github"
      }
    }
  },
  "root": "root",
  "version": 7
}
