{
  "name": "confluence-axi",
  "version": "1.0.4",
  "lockfileVersion": 3,
  "requires": true,
  "packages": {
    "": {
      "name": "confluence-axi",
      "version": "1.0.4",
      "license": "MIT",
      "dependencies": {
        "axi-sdk-js": "0.1.8"
      },
      "bin": {
        "confluence-axi": "dist/bin/confluence-axi.js"
      },
      "engines": {
        "node": ">=20"
      }
    },
    "node_modules/@toon-format/toon": {
      "version": "2.3.1",
      "resolved": "https://registry.npmjs.org/@toon-format/toon/-/toon-2.3.1.tgz",
      "integrity": "sha512-sWqEMeAJGMda9qRrfPKrX3C4c33CO9SJuvJzzrcBEn5sbDB+k6pSLkDsfN0rVnLQwR97MV3sDgVbcxQNsq8xVw==",
      "license": "MIT"
    },
    "node_modules/axi-sdk-js": {
      "version": "0.1.8",
      "resolved": "https://registry.npmjs.org/axi-sdk-js/-/axi-sdk-js-0.1.8.tgz",
      "integrity": "sha512-N8Qd/9sVBpG8QRVSw0lLevdFuaBfjHHPdcbcj8DCuxr68sA1/c5KCnGEDqO7lI3kt52/bgymCZajmpTqz/rLOw==",
      "license": "MIT",
      "dependencies": {
        "@toon-format/toon": "^2.1.0"
      },
      "engines": {
        "node": ">=20"
      }
    }
  }
}
